
Microsoft Visual Studio Solution File, Format Version 12.00
# Visual Studio Version 17
VisualStudioVersion = 17.12.35728.132 d17.12
MinimumVisualStudioVersion = 10.0.40219.1
Project("{FAE04EC0-301F-11D3-BF4B-00C04F79EFBC}") = "Calculator", "Calculator.csproj", "{FEC36C91-2B73-4ECC-95CD-6512D45CD3FC}"
EndProject
Global
	GlobalSection(SolutionConfigurationPlatforms) = preSolution
		Debug|Any CPU = Debug|Any CPU
		Release|Any CPU = Release|Any CPU
	EndGlobalSection
	GlobalSection(ProjectConfigurationPlatforms) = postSolution
		{FEC36C91-2B73-4ECC-95CD-6512D45CD3FC}.Debug|Any CPU.ActiveCfg = Debug|Any CPU
		{FEC36C91-2B73-4ECC-95CD-6512D45CD3FC}.Debug|Any CPU.Build.0 = Debug|Any CPU
		{FEC36C91-2B73-4ECC-95CD-6512D45CD3FC}.Release|Any CPU.ActiveCfg = Release|Any CPU
		{FEC36C91-2B73-4ECC-95CD-6512D45CD3FC}.Release|Any CPU.Build.0 = Release|Any CPU
	EndGlobalSection
	GlobalSection(SolutionProperties) = preSolution
		HideSolutionNode = FALSE
	EndGlobalSection
EndGlobal
